
Microsoft Visual Studio Solution File, Format Version 12.00
# Visual Studio 2012
Project("{FAE04EC0-301F-11D3-BF4B-00C04F79EFBC}") = "InvestigationLib", "InvestigationLib\InvestigationLib.csproj", "{E4E55DBC-3FAC-49B7-8487-4A64C0AACAAA}"
EndProject
Project("{FAE04EC0-301F-11D3-BF4B-00C04F79EFBC}") = "TestInvestigations", "TestInvestigations\TestInvestigations.csproj", "{7B6DD341-8B13-43F9-A18C-FBF252CCCEFE}"
EndProject
Global
	GlobalSection(SolutionConfigurationPlatforms) = preSolution
		Debug|Any CPU = Debug|Any CPU
		Release|Any CPU = Release|Any CPU
	EndGlobalSection
	GlobalSection(ProjectConfigurationPlatforms) = postSolution
		{E4E55DBC-3FAC-49B7-8487-4A64C0AACAAA}.Debug|Any CPU.ActiveCfg = Debug|Any CPU
		{E4E55DBC-3FAC-49B7-8487-4A64C0AACAAA}.Debug|Any CPU.Build.0 = Debug|Any CPU
		{E4E55DBC-3FAC-49B7-8487-4A64C0AACAAA}.Release|Any CPU.ActiveCfg = Release|Any CPU
		{E4E55DBC-3FAC-49B7-8487-4A64C0AACAAA}.Release|Any CPU.Build.0 = Release|Any CPU
		{7B6DD341-8B13-43F9-A18C-FBF252CCCEFE}.Debug|Any CPU.ActiveCfg = Debug|Any CPU
		{7B6DD341-8B13-43F9-A18C-FBF252CCCEFE}.Debug|Any CPU.Build.0 = Debug|Any CPU
		{7B6DD341-8B13-43F9-A18C-FBF252CCCEFE}.Release|Any CPU.ActiveCfg = Release|Any CPU
		{7B6DD341-8B13-43F9-A18C-FBF252CCCEFE}.Release|Any CPU.Build.0 = Release|Any CPU
	EndGlobalSection
	GlobalSection(SolutionProperties) = preSolution
		HideSolutionNode = FALSE
	EndGlobalSection
EndGlobal
